
Microsoft Visual Studio Solution File, Format Version 12.00
# Visual Studio 14
VisualStudioVersion = 14.0.25420.1
MinimumVisualStudioVersion = 10.0.40219.1
Project("{8BC9CEB8-8B4A-11D0-8D11-00A0C91BC942}") = "part1", "part1\part1.vcxproj", "{12552D73-AFC7-44A3-AFEA-0105966B04CB}"
EndProject
Project("{8BC9CEB8-8B4A-11D0-8D11-00A0C91BC942}") = "part2", "part2\part2.vcxproj", "{CA8BF1D2-6517-44D5-8DF4-CFB2848DC8FF}"
EndProject
Project("{8BC9CEB8-8B4A-11D0-8D11-00A0C91BC942}") = "part3", "part3\part3.vcxproj", "{09A76C10-47CE-4493-8323-1EF95A6D66B7}"
EndProject
Global
	GlobalSection(SolutionConfigurationPlatforms) = preSolution
		Debug|x64 = Debug|x64
		Debug|x86 = Debug|x86
		Release|x64 = Release|x64
		Release|x86 = Release|x86
	EndGlobalSection
	GlobalSection(ProjectConfigurationPlatforms) = postSolution
		{12552D73-AFC7-44A3-AFEA-0105966B04CB}.Debug|x64.ActiveCfg = Debug|x64
		{12552D73-AFC7-44A3-AFEA-0105966B04CB}.Debug|x64.Build.0 = Debug|x64
		{12552D73-AFC7-44A3-AFEA-0105966B04CB}.Debug|x86.ActiveCfg = Debug|Win32
		{12552D73-AFC7-44A3-AFEA-0105966B04CB}.Debug|x86.Build.0 = Debug|Win32
		{12552D73-AFC7-44A3-AFEA-0105966B04CB}.Release|x64.ActiveCfg = Release|x64
		{12552D73-AFC7-44A3-AFEA-0105966B04CB}.Release|x64.Build.0 = Release|x64
		{12552D73-AFC7-44A3-AFEA-0105966B04CB}.Release|x86.ActiveCfg = Release|Win32
		{12552D73-AFC7-44A3-AFEA-0105966B04CB}.Release|x86.Build.0 = Release|Win32
		{CA8BF1D2-6517-44D5-8DF4-CFB2848DC8FF}.Debug|x64.ActiveCfg = Debug|x64
		{CA8BF1D2-6517-44D5-8DF4-CFB2848DC8FF}.Debug|x64.Build.0 = Debug|x64
		{CA8BF1D2-6517-44D5-8DF4-CFB2848DC8FF}.Debug|x86.ActiveCfg = Debug|Win32
		{CA8BF1D2-6517-44D5-8DF4-CFB2848DC8FF}.Debug|x86.Build.0 = Debug|Win32
		{CA8BF1D2-6517-44D5-8DF4-CFB2848DC8FF}.Release|x64.ActiveCfg = Release|x64
		{CA8BF1D2-6517-44D5-8DF4-CFB2848DC8FF}.Release|x64.Build.0 = Release|x64
		{CA8BF1D2-6517-44D5-8DF4-CFB2848DC8FF}.Release|x86.ActiveCfg = Release|Win32
		{CA8BF1D2-6517-44D5-8DF4-CFB2848DC8FF}.Release|x86.Build.0 = Release|Win32
		{09A76C10-47CE-4493-8323-1EF95A6D66B7}.Debug|x64.ActiveCfg = Debug|x64
		{09A76C10-47CE-4493-8323-1EF95A6D66B7}.Debug|x64.Build.0 = Debug|x64
		{09A76C10-47CE-4493-8323-1EF95A6D66B7}.Debug|x86.ActiveCfg = Debug|Win32
		{09A76C10-47CE-4493-8323-1EF95A6D66B7}.Debug|x86.Build.0 = Debug|Win32
		{09A76C10-47CE-4493-8323-1EF95A6D66B7}.Release|x64.ActiveCfg = Release|x64
		{09A76C10-47CE-4493-8323-1EF95A6D66B7}.Release|x64.Build.0 = Release|x64
		{09A76C10-47CE-4493-8323-1EF95A6D66B7}.Release|x86.ActiveCfg = Release|Win32
		{09A76C10-47CE-4493-8323-1EF95A6D66B7}.Release|x86.Build.0 = Release|Win32
	EndGlobalSection
	GlobalSection(SolutionProperties) = preSolution
		HideSolutionNode = FALSE
	EndGlobalSection
EndGlobal
